lockfileVersion: '9.0'

settings:
  autoInstallPeers: true
  excludeLinksFromLockfile: false

importers:

  .:
    devDependencies:
      '@tsconfig/node22':
        specifier: 22.0.0
        version: 22.0.0
      '@types/node':
        specifier: 20.19.27
        version: 20.19.27
      pnpm:
        specifier: 10.24.0
        version: 10.24.0
      typescript:
        specifier: 5.9.3
        version: 5.9.3

packages:

  '@tsconfig/node22@22.0.0':
    resolution: {integrity: sha512-twLQ77zevtxobBOD4ToAtVmuYrpeYUh3qh+TEp+08IWhpsrIflVHqQ1F1CiPxQGL7doCdBIOOCF+1Tm833faNg==}

  '@types/node@20.19.27':
    resolution: {integrity: sha512-N2clP5pJhB2YnZJ3PIHFk5RkygRX5WO/5f0WC08tp0wd+sv0rsJk3MqWn3CbNmT2J505a5336jaQj4ph1AdMug==}

  pnpm@10.24.0:
    resolution: {integrity: sha512-Af+K5xtEGZA7ZcYPstydNM+LtuBtA73hEu8496NNaQTEJLpmvqXNzxKJAjC/OflYBHMUDtnJRv7zKLblI4o0Wg==}
    engines: {node: '>=18.12'}
    hasBin: true

  typescript@5.9.3:
    resolution: {integrity: sha512-jl1vZzPDinLr9eUt3J/t7V6FgNEw9QjvBPdysz9KfQDD41fQrC2Y4vKQdiaUpFT4bXlb1RHhLpp8wtm6M5TgSw==}
    engines: {node: '>=14.17'}
    hasBin: true

  undici-types@6.21.0:
    resolution: {integrity: sha512-iwDZqg0QAGrg9Rav5H4n0M64c3mkR59cJ6wQp+7C4nI0gsmExaedaYLNO44eT4AtBBwjbTiGPMlt2Md0T9H9JQ==}

snapshots:

  '@tsconfig/node22@22.0.0': {}

  '@types/node@20.19.27':
    dependencies:
      undici-types: 6.21.0

  pnpm@10.24.0: {}

  typescript@5.9.3: {}

  undici-types@6.21.0: {}
