lockfileVersion: '9.0'

settings:
  autoInstallPeers: true
  excludeLinksFromLockfile: false

importers:

  .:
    devDependencies:
      '@tsconfig/node24':
        specifier: 24.0.3
        version: 24.0.3
      '@types/node':
        specifier: 24.10.4
        version: 24.10.4
      pnpm:
        specifier: 10.25.0
        version: 10.25.0
      typescript:
        specifier: 5.9.3
        version: 5.9.3

packages:

  '@tsconfig/node24@24.0.3':
    resolution: {integrity: sha512-vcERKtKQKHgzt/vfS3Gjasd8SUI2a0WZXpgJURdJsMySpS5+ctgbPfuLj2z/W+w4lAfTWxoN4upKfu2WzIRYnw==}

  '@types/node@24.10.4':
    resolution: {integrity: sha512-vnDVpYPMzs4wunl27jHrfmwojOGKya0xyM3sH+UE5iv5uPS6vX7UIoh6m+vQc5LGBq52HBKPIn/zcSZVzeDEZg==}

  pnpm@10.25.0:
    resolution: {integrity: sha512-XoJjkCevN8+DIGG8xtY5whljRIjg8rrr54UCink957Ul/80/f/V09emGBlTgmP6FK6isXdXO/hdn0joCCpL1AQ==}
    engines: {node: '>=18.12'}
    hasBin: true

  typescript@5.9.3:
    resolution: {integrity: sha512-jl1vZzPDinLr9eUt3J/t7V6FgNEw9QjvBPdysz9KfQDD41fQrC2Y4vKQdiaUpFT4bXlb1RHhLpp8wtm6M5TgSw==}
    engines: {node: '>=14.17'}
    hasBin: true

  undici-types@7.16.0:
    resolution: {integrity: sha512-Zz+aZWSj8LE6zoxD+xrjh4VfkIG8Ya6LvYkZqtUQGJPZjYl53ypCaUwWqo7eI0x66KBGeRo+mlBEkMSeSZ38Nw==}

snapshots:

  '@tsconfig/node24@24.0.3': {}

  '@types/node@24.10.4':
    dependencies:
      undici-types: 7.16.0

  pnpm@10.25.0: {}

  typescript@5.9.3: {}

  undici-types@7.16.0: {}
