lockfileVersion: '9.0'

settings:
  autoInstallPeers: true
  excludeLinksFromLockfile: false

importers:

  .:
    devDependencies:
      '@tsconfig/node24':
        specifier: 24.0.4
        version: 24.0.4
      '@types/node':
        specifier: 24.12.4
        version: 24.12.4
      pnpm:
        specifier: 11.1.2
        version: 11.1.2
      typescript:
        specifier: 6.0.3
        version: 6.0.3

packages:

  '@tsconfig/node24@24.0.4':
    resolution: {integrity: sha512-2A933l5P5oCbv6qSxHs7ckKwobs8BDAe9SJ/Xr2Hy+nDlwmLE1GhFh/g/vXGRZWgxBg9nX/5piDtHR9Dkw/XuA==}

  '@types/node@24.12.4':
    resolution: {integrity: sha512-GUUEShf+PBCGW2KaXwcIt3Yk+e3pkKwWKb9GSyM9WQVE+ep2jzmHdGsHzu4wgcZy5fN9FBdVzjpBQsYlpfpgLA==}

  pnpm@11.1.2:
    resolution: {integrity: sha512-QVocwll0cx51RVwUaDcb50xapft2IbUNQFbSIkUWCfEUEvI/1gLmFp8eBgRmZB95hZfhvpYaEGiINqZ7FlaUmQ==}
    engines: {node: '>=22.13'}
    hasBin: true

  typescript@6.0.3:
    resolution: {integrity: sha512-y2TvuxSZPDyQakkFRPZHKFm+KKVqIisdg9/CZwm9ftvKXLP8NRWj38/ODjNbr43SsoXqNuAisEf1GdCxqWcdBw==}
    engines: {node: '>=14.17'}
    hasBin: true

  undici-types@7.16.0:
    resolution: {integrity: sha512-Zz+aZWSj8LE6zoxD+xrjh4VfkIG8Ya6LvYkZqtUQGJPZjYl53ypCaUwWqo7eI0x66KBGeRo+mlBEkMSeSZ38Nw==}

snapshots:

  '@tsconfig/node24@24.0.4': {}

  '@types/node@24.12.4':
    dependencies:
      undici-types: 7.16.0

  pnpm@11.1.2: {}

  typescript@6.0.3: {}

  undici-types@7.16.0: {}
